Microsoft Visual Studio Solution File, Format Version 10.00
# Visual Studio 2008
Project("{8BC9CEB8-8B4A-11D0-8D11-00A0C91BC942}") = "UpdateIt", "UpdateIt.2008.vcproj", "{FA7F5019-7E12-43ED-BED9-5ECA602E1934}"
	ProjectSection(ProjectDependencies) = postProject
		{DD232718-E7F7-4A87-BB60-327B10F9B61B} = {DD232718-E7F7-4A87-BB60-327B10F9B61B}
		{55F49127-D37F-4C01-861A-55ACC3A71242} = {55F49127-D37F-4C01-861A-55ACC3A71242}
		{8722964D-A650-440C-8341-0BD8CFFA9A68} = {8722964D-A650-440C-8341-0BD8CFFA9A68}
		{EB1B996F-0A4C-46BE-A099-030AC5976E64} = {EB1B996F-0A4C-46BE-A099-030AC5976E64}
		{FC22C277-3720-4FB6-9466-CC5FF04BDBC5} = {FC22C277-3720-4FB6-9466-CC5FF04BDBC5}
		{2EBC127D-357A-4258-B19F-78466C0C467B} = {2EBC127D-357A-4258-B19F-78466C0C467B}
		{EFD1CCD3-3C31-4BDE-976A-B45A08FBFF83} = {EFD1CCD3-3C31-4BDE-976A-B45A08FBFF83}
		{6B7749EE-74DF-496C-9EBE-0E6C73CAA50B} = {6B7749EE-74DF-496C-9EBE-0E6C73CAA50B}
	EndProjectSection
EndProject
Project("{8BC9CEB8-8B4A-11D0-8D11-00A0C91BC942}") = "AfxGadgets", "..\Repository\AfxGadgets\AfxGadgets.2008.vcproj", "{6B7749EE-74DF-496C-9EBE-0E6C73CAA50B}"
EndProject
Project("{8BC9CEB8-8B4A-11D0-8D11-00A0C91BC942}") = "CodeProject", "..\Repository\CodeProject\CodeProject.2008.vcproj", "{55F49127-D37F-4C01-861A-55ACC3A71242}"
EndProject
Project("{8BC9CEB8-8B4A-11D0-8D11-00A0C91BC942}") = "Naughter", "..\Repository\Naughter\Naughter.2008.vcproj", "{2EBC127D-357A-4258-B19F-78466C0C467B}"
EndProject
Project("{8BC9CEB8-8B4A-11D0-8D11-00A0C91BC942}") = "ZipArchive", "..\Repository\ZipArchive\ZipArchive.2008.vcproj", "{EFD1CCD3-3C31-4BDE-976A-B45A08FBFF83}"
	ProjectSection(ProjectDependencies) = postProject
		{4B70F6A5-35AE-4CEE-815C-20E1F31B5F5E} = {4B70F6A5-35AE-4CEE-815C-20E1F31B5F5E}
	EndProjectSection
EndProject
Project("{8BC9CEB8-8B4A-11D0-8D11-00A0C91BC942}") = "zlib", "..\Repository\zlib\zlib.2008.vcproj", "{4B70F6A5-35AE-4CEE-815C-20E1F31B5F5E}"
EndProject
Project("{8BC9CEB8-8B4A-11D0-8D11-00A0C91BC942}") = "English_USA.1252", "Languages\English_USA.1252\English_USA.1252.2008.vcproj", "{8722964D-A650-440C-8341-0BD8CFFA9A68}"
EndProject
Project("{8BC9CEB8-8B4A-11D0-8D11-00A0C91BC942}") = "Russian_Russia.1251", "Languages\Russian_Russia.1251\Russian_Russia.1251.2008.vcproj", "{FC22C277-3720-4FB6-9466-CC5FF04BDBC5}"
EndProject
Project("{8BC9CEB8-8B4A-11D0-8D11-00A0C91BC942}") = "FreeImagePlus", "..\Repository\FreeImagePlus\FreeImagePlus.2008.vcproj", "{EB1B996F-0A4C-46BE-A099-030AC5976E64}"
	ProjectSection(ProjectDependencies) = postProject
		{DD232718-E7F7-4A87-BB60-327B10F9B61B} = {DD232718-E7F7-4A87-BB60-327B10F9B61B}
	EndProjectSection
EndProject
Project("{8BC9CEB8-8B4A-11D0-8D11-00A0C91BC942}") = "libjpeg", "..\Repository\Graphics\libjpeg\libjpeg.2008.vcproj", "{CFEF302C-6A18-4730-A429-2461C1AC2E61}"
EndProject
Project("{8BC9CEB8-8B4A-11D0-8D11-00A0C91BC942}") = "libmng", "..\Repository\Graphics\libmng\libmng.2008.vcproj", "{1B250FF9-59DA-4F60-98DD-C3C0E9BE2F7C}"
EndProject
Project("{8BC9CEB8-8B4A-11D0-8D11-00A0C91BC942}") = "libpng", "..\Repository\Graphics\libpng\libpng.2008.vcproj", "{8646B05A-1711-4E89-BB3D-ADE551D9836C}"
EndProject
Project("{8BC9CEB8-8B4A-11D0-8D11-00A0C91BC942}") = "libtiff", "..\Repository\Graphics\libtiff\libtiff.2008.vcproj", "{3551A0AD-0231-4229-BED1-829CC3B7712E}"
EndProject
Project("{8BC9CEB8-8B4A-11D0-8D11-00A0C91BC942}") = "OpenEXR", "..\Repository\Graphics\OpenEXR\OpenEXR.2008.vcproj", "{14E1708C-7C58-4757-81F3-C6434F41B33B}"
EndProject
Project("{8BC9CEB8-8B4A-11D0-8D11-00A0C91BC942}") = "OpenJPEG", "..\Repository\Graphics\OpenJPEG\OpenJPEG.2008.vcproj", "{3B567EEC-3F1F-4C75-91CD-5B3B7E096F3B}"
EndProject
Project("{8BC9CEB8-8B4A-11D0-8D11-00A0C91BC942}") = "FreeImage", "FreeImage\FreeImage.2008.vcproj", "{DD232718-E7F7-4A87-BB60-327B10F9B61B}"
	ProjectSection(ProjectDependencies) = postProject
		{CFEF302C-6A18-4730-A429-2461C1AC2E61} = {CFEF302C-6A18-4730-A429-2461C1AC2E61}
		{8646B05A-1711-4E89-BB3D-ADE551D9836C} = {8646B05A-1711-4E89-BB3D-ADE551D9836C}
		{14E1708C-7C58-4757-81F3-C6434F41B33B} = {14E1708C-7C58-4757-81F3-C6434F41B33B}
		{3551A0AD-0231-4229-BED1-829CC3B7712E} = {3551A0AD-0231-4229-BED1-829CC3B7712E}
		{3B567EEC-3F1F-4C75-91CD-5B3B7E096F3B} = {3B567EEC-3F1F-4C75-91CD-5B3B7E096F3B}
		{1B250FF9-59DA-4F60-98DD-C3C0E9BE2F7C} = {1B250FF9-59DA-4F60-98DD-C3C0E9BE2F7C}
	EndProjectSection
EndProject
Project("{2150E333-8FDC-42A3-9474-1A3956D46DE8}") = "MFC", "MFC", "{D87EBDE3-7D36-4576-987B-54F983F5B16C}"
EndProject
Project("{2150E333-8FDC-42A3-9474-1A3956D46DE8}") = "Common", "Common", "{E592A178-A8CA-4354-8C8B-DC5BCA4D4774}"
EndProject
Project("{2150E333-8FDC-42A3-9474-1A3956D46DE8}") = "Graphics", "Graphics", "{79DDB1A7-30DF-47CE-AB61-83CE94A82E4F}"
EndProject
Project("{2150E333-8FDC-42A3-9474-1A3956D46DE8}") = "Languages", "Languages", "{8B6425E1-ED38-4CEB-93CE-A97FF57E6E71}"
EndProject
Global
	GlobalSection(SolutionConfigurationPlatforms) = preSolution
		MBCS Debug|Win32 = MBCS Debug|Win32
		MBCS Release|Win32 = MBCS Release|Win32
		Unicode Debug|Win32 = Unicode Debug|Win32
		Unicode Release|Win32 = Unicode Release|Win32
	EndGlobalSection
	GlobalSection(ProjectConfigurationPlatforms) = postSolution
		{FA7F5019-7E12-43ED-BED9-5ECA602E1934}.MBCS Debug|Win32.ActiveCfg = MBCS Debug|Win32
		{FA7F5019-7E12-43ED-BED9-5ECA602E1934}.MBCS Debug|Win32.Build.0 = MBCS Debug|Win32
		{FA7F5019-7E12-43ED-BED9-5ECA602E1934}.MBCS Release|Win32.ActiveCfg = MBCS Release|Win32
		{FA7F5019-7E12-43ED-BED9-5ECA602E1934}.MBCS Release|Win32.Build.0 = MBCS Release|Win32
		{FA7F5019-7E12-43ED-BED9-5ECA602E1934}.Unicode Debug|Win32.ActiveCfg = Unicode Debug|Win32
		{FA7F5019-7E12-43ED-BED9-5ECA602E1934}.Unicode Debug|Win32.Build.0 = Unicode Debug|Win32
		{FA7F5019-7E12-43ED-BED9-5ECA602E1934}.Unicode Release|Win32.ActiveCfg = Unicode Release|Win32
		{FA7F5019-7E12-43ED-BED9-5ECA602E1934}.Unicode Release|Win32.Build.0 = Unicode Release|Win32
		{6B7749EE-74DF-496C-9EBE-0E6C73CAA50B}.MBCS Debug|Win32.ActiveCfg = MBCS Debug|Win32
		{6B7749EE-74DF-496C-9EBE-0E6C73CAA50B}.MBCS Debug|Win32.Build.0 = MBCS Debug|Win32
		{6B7749EE-74DF-496C-9EBE-0E6C73CAA50B}.MBCS Release|Win32.ActiveCfg = MBCS Release|Win32
		{6B7749EE-74DF-496C-9EBE-0E6C73CAA50B}.MBCS Release|Win32.Build.0 = MBCS Release|Win32
		{6B7749EE-74DF-496C-9EBE-0E6C73CAA50B}.Unicode Debug|Win32.ActiveCfg = Unicode Debug|Win32
		{6B7749EE-74DF-496C-9EBE-0E6C73CAA50B}.Unicode Debug|Win32.Build.0 = Unicode Debug|Win32
		{6B7749EE-74DF-496C-9EBE-0E6C73CAA50B}.Unicode Release|Win32.ActiveCfg = Unicode Release|Win32
		{6B7749EE-74DF-496C-9EBE-0E6C73CAA50B}.Unicode Release|Win32.Build.0 = Unicode Release|Win32
		{55F49127-D37F-4C01-861A-55ACC3A71242}.MBCS Debug|Win32.ActiveCfg = MBCS Debug|Win32
		{55F49127-D37F-4C01-861A-55ACC3A71242}.MBCS Debug|Win32.Build.0 = MBCS Debug|Win32
		{55F49127-D37F-4C01-861A-55ACC3A71242}.MBCS Release|Win32.ActiveCfg = MBCS Release|Win32
		{55F49127-D37F-4C01-861A-55ACC3A71242}.MBCS Release|Win32.Build.0 = MBCS Release|Win32
		{55F49127-D37F-4C01-861A-55ACC3A71242}.Unicode Debug|Win32.ActiveCfg = Unicode Debug|Win32
		{55F49127-D37F-4C01-861A-55ACC3A71242}.Unicode Debug|Win32.Build.0 = Unicode Debug|Win32
		{55F49127-D37F-4C01-861A-55ACC3A71242}.Unicode Release|Win32.ActiveCfg = Unicode Release|Win32
		{55F49127-D37F-4C01-861A-55ACC3A71242}.Unicode Release|Win32.Build.0 = Unicode Release|Win32
		{2EBC127D-357A-4258-B19F-78466C0C467B}.MBCS Debug|Win32.ActiveCfg = MBCS Debug|Win32
		{2EBC127D-357A-4258-B19F-78466C0C467B}.MBCS Debug|Win32.Build.0 = MBCS Debug|Win32
		{2EBC127D-357A-4258-B19F-78466C0C467B}.MBCS Release|Win32.ActiveCfg = MBCS Release|Win32
		{2EBC127D-357A-4258-B19F-78466C0C467B}.MBCS Release|Win32.Build.0 = MBCS Release|Win32
		{2EBC127D-357A-4258-B19F-78466C0C467B}.Unicode Debug|Win32.ActiveCfg = Unicode Debug|Win32
		{2EBC127D-357A-4258-B19F-78466C0C467B}.Unicode Debug|Win32.Build.0 = Unicode Debug|Win32
		{2EBC127D-357A-4258-B19F-78466C0C467B}.Unicode Release|Win32.ActiveCfg = Unicode Release|Win32
		{2EBC127D-357A-4258-B19F-78466C0C467B}.Unicode Release|Win32.Build.0 = Unicode Release|Win32
		{EFD1CCD3-3C31-4BDE-976A-B45A08FBFF83}.MBCS Debug|Win32.ActiveCfg = MBCS Debug|Win32
		{EFD1CCD3-3C31-4BDE-976A-B45A08FBFF83}.MBCS Debug|Win32.Build.0 = MBCS Debug|Win32
		{EFD1CCD3-3C31-4BDE-976A-B45A08FBFF83}.MBCS Release|Win32.ActiveCfg = MBCS Release|Win32
		{EFD1CCD3-3C31-4BDE-976A-B45A08FBFF83}.MBCS Release|Win32.Build.0 = MBCS Release|Win32
		{EFD1CCD3-3C31-4BDE-976A-B45A08FBFF83}.Unicode Debug|Win32.ActiveCfg = Unicode Debug|Win32
		{EFD1CCD3-3C31-4BDE-976A-B45A08FBFF83}.Unicode Debug|Win32.Build.0 = Unicode Debug|Win32
		{EFD1CCD3-3C31-4BDE-976A-B45A08FBFF83}.Unicode Release|Win32.ActiveCfg = Unicode Release|Win32
		{EFD1CCD3-3C31-4BDE-976A-B45A08FBFF83}.Unicode Release|Win32.Build.0 = Unicode Release|Win32
		{4B70F6A5-35AE-4CEE-815C-20E1F31B5F5E}.MBCS Debug|Win32.ActiveCfg = MBCS Debug|Win32
		{4B70F6A5-35AE-4CEE-815C-20E1F31B5F5E}.MBCS Debug|Win32.Build.0 = MBCS Debug|Win32
		{4B70F6A5-35AE-4CEE-815C-20E1F31B5F5E}.MBCS Release|Win32.ActiveCfg = MBCS Release|Win32
		{4B70F6A5-35AE-4CEE-815C-20E1F31B5F5E}.MBCS Release|Win32.Build.0 = MBCS Release|Win32
		{4B70F6A5-35AE-4CEE-815C-20E1F31B5F5E}.Unicode Debug|Win32.ActiveCfg = Unicode Debug|Win32
		{4B70F6A5-35AE-4CEE-815C-20E1F31B5F5E}.Unicode Debug|Win32.Build.0 = Unicode Debug|Win32
		{4B70F6A5-35AE-4CEE-815C-20E1F31B5F5E}.Unicode Release|Win32.ActiveCfg = Unicode Release|Win32
		{4B70F6A5-35AE-4CEE-815C-20E1F31B5F5E}.Unicode Release|Win32.Build.0 = Unicode Release|Win32
		{8722964D-A650-440C-8341-0BD8CFFA9A68}.MBCS Debug|Win32.ActiveCfg = MBCS Debug|Win32
		{8722964D-A650-440C-8341-0BD8CFFA9A68}.MBCS Debug|Win32.Build.0 = MBCS Debug|Win32
		{8722964D-A650-440C-8341-0BD8CFFA9A68}.MBCS Release|Win32.ActiveCfg = MBCS Release|Win32
		{8722964D-A650-440C-8341-0BD8CFFA9A68}.MBCS Release|Win32.Build.0 = MBCS Release|Win32
		{8722964D-A650-440C-8341-0BD8CFFA9A68}.Unicode Debug|Win32.ActiveCfg = Unicode Debug|Win32
		{8722964D-A650-440C-8341-0BD8CFFA9A68}.Unicode Debug|Win32.Build.0 = Unicode Debug|Win32
		{8722964D-A650-440C-8341-0BD8CFFA9A68}.Unicode Release|Win32.ActiveCfg = Unicode Release|Win32
		{8722964D-A650-440C-8341-0BD8CFFA9A68}.Unicode Release|Win32.Build.0 = Unicode Release|Win32
		{FC22C277-3720-4FB6-9466-CC5FF04BDBC5}.MBCS Debug|Win32.ActiveCfg = MBCS Debug|Win32
		{FC22C277-3720-4FB6-9466-CC5FF04BDBC5}.MBCS Debug|Win32.Build.0 = MBCS Debug|Win32
		{FC22C277-3720-4FB6-9466-CC5FF04BDBC5}.MBCS Release|Win32.ActiveCfg = MBCS Release|Win32
		{FC22C277-3720-4FB6-9466-CC5FF04BDBC5}.MBCS Release|Win32.Build.0 = MBCS Release|Win32
		{FC22C277-3720-4FB6-9466-CC5FF04BDBC5}.Unicode Debug|Win32.ActiveCfg = Unicode Debug|Win32
		{FC22C277-3720-4FB6-9466-CC5FF04BDBC5}.Unicode Debug|Win32.Build.0 = Unicode Debug|Win32
		{FC22C277-3720-4FB6-9466-CC5FF04BDBC5}.Unicode Release|Win32.ActiveCfg = Unicode Release|Win32
		{FC22C277-3720-4FB6-9466-CC5FF04BDBC5}.Unicode Release|Win32.Build.0 = Unicode Release|Win32
		{EB1B996F-0A4C-46BE-A099-030AC5976E64}.MBCS Debug|Win32.ActiveCfg = MBCS Debug|Win32
		{EB1B996F-0A4C-46BE-A099-030AC5976E64}.MBCS Debug|Win32.Build.0 = MBCS Debug|Win32
		{EB1B996F-0A4C-46BE-A099-030AC5976E64}.MBCS Release|Win32.ActiveCfg = MBCS Release|Win32
		{EB1B996F-0A4C-46BE-A099-030AC5976E64}.MBCS Release|Win32.Build.0 = MBCS Release|Win32
		{EB1B996F-0A4C-46BE-A099-030AC5976E64}.Unicode Debug|Win32.ActiveCfg = Unicode Debug|Win32
		{EB1B996F-0A4C-46BE-A099-030AC5976E64}.Unicode Debug|Win32.Build.0 = Unicode Debug|Win32
		{EB1B996F-0A4C-46BE-A099-030AC5976E64}.Unicode Release|Win32.ActiveCfg = Unicode Release|Win32
		{EB1B996F-0A4C-46BE-A099-030AC5976E64}.Unicode Release|Win32.Build.0 = Unicode Release|Win32
		{CFEF302C-6A18-4730-A429-2461C1AC2E61}.MBCS Debug|Win32.ActiveCfg = MBCS Debug|Win32
		{CFEF302C-6A18-4730-A429-2461C1AC2E61}.MBCS Debug|Win32.Build.0 = MBCS Debug|Win32
		{CFEF302C-6A18-4730-A429-2461C1AC2E61}.MBCS Release|Win32.ActiveCfg = MBCS Release|Win32
		{CFEF302C-6A18-4730-A429-2461C1AC2E61}.MBCS Release|Win32.Build.0 = MBCS Release|Win32
		{CFEF302C-6A18-4730-A429-2461C1AC2E61}.Unicode Debug|Win32.ActiveCfg = Unicode Debug|Win32
		{CFEF302C-6A18-4730-A429-2461C1AC2E61}.Unicode Debug|Win32.Build.0 = Unicode Debug|Win32
		{CFEF302C-6A18-4730-A429-2461C1AC2E61}.Unicode Release|Win32.ActiveCfg = Unicode Release|Win32
		{CFEF302C-6A18-4730-A429-2461C1AC2E61}.Unicode Release|Win32.Build.0 = Unicode Release|Win32
		{1B250FF9-59DA-4F60-98DD-C3C0E9BE2F7C}.MBCS Debug|Win32.ActiveCfg = MBCS Debug|Win32
		{1B250FF9-59DA-4F60-98DD-C3C0E9BE2F7C}.MBCS Debug|Win32.Build.0 = MBCS Debug|Win32
		{1B250FF9-59DA-4F60-98DD-C3C0E9BE2F7C}.MBCS Release|Win32.ActiveCfg = MBCS Release|Win32
		{1B250FF9-59DA-4F60-98DD-C3C0E9BE2F7C}.MBCS Release|Win32.Build.0 = MBCS Release|Win32
		{1B250FF9-59DA-4F60-98DD-C3C0E9BE2F7C}.Unicode Debug|Win32.ActiveCfg = Unicode Debug|Win32
		{1B250FF9-59DA-4F60-98DD-C3C0E9BE2F7C}.Unicode Debug|Win32.Build.0 = Unicode Debug|Win32
		{1B250FF9-59DA-4F60-98DD-C3C0E9BE2F7C}.Unicode Release|Win32.ActiveCfg = Unicode Release|Win32
		{1B250FF9-59DA-4F60-98DD-C3C0E9BE2F7C}.Unicode Release|Win32.Build.0 = Unicode Release|Win32
		{8646B05A-1711-4E89-BB3D-ADE551D9836C}.MBCS Debug|Win32.ActiveCfg = MBCS Debug|Win32
		{8646B05A-1711-4E89-BB3D-ADE551D9836C}.MBCS Debug|Win32.Build.0 = MBCS Debug|Win32
		{8646B05A-1711-4E89-BB3D-ADE551D9836C}.MBCS Release|Win32.ActiveCfg = MBCS Release|Win32
		{8646B05A-1711-4E89-BB3D-ADE551D9836C}.MBCS Release|Win32.Build.0 = MBCS Release|Win32
		{8646B05A-1711-4E89-BB3D-ADE551D9836C}.Unicode Debug|Win32.ActiveCfg = Unicode Debug|Win32
		{8646B05A-1711-4E89-BB3D-ADE551D9836C}.Unicode Debug|Win32.Build.0 = Unicode Debug|Win32
		{8646B05A-1711-4E89-BB3D-ADE551D9836C}.Unicode Release|Win32.ActiveCfg = Unicode Release|Win32
		{8646B05A-1711-4E89-BB3D-ADE551D9836C}.Unicode Release|Win32.Build.0 = Unicode Release|Win32
		{3551A0AD-0231-4229-BED1-829CC3B7712E}.MBCS Debug|Win32.ActiveCfg = MBCS Debug|Win32
		{3551A0AD-0231-4229-BED1-829CC3B7712E}.MBCS Debug|Win32.Build.0 = MBCS Debug|Win32
		{3551A0AD-0231-4229-BED1-829CC3B7712E}.MBCS Release|Win32.ActiveCfg = MBCS Release|Win32
		{3551A0AD-0231-4229-BED1-829CC3B7712E}.MBCS Release|Win32.Build.0 = MBCS Release|Win32
		{3551A0AD-0231-4229-BED1-829CC3B7712E}.Unicode Debug|Win32.ActiveCfg = Unicode Debug|Win32
		{3551A0AD-0231-4229-BED1-829CC3B7712E}.Unicode Debug|Win32.Build.0 = Unicode Debug|Win32
		{3551A0AD-0231-4229-BED1-829CC3B7712E}.Unicode Release|Win32.ActiveCfg = Unicode Release|Win32
		{3551A0AD-0231-4229-BED1-829CC3B7712E}.Unicode Release|Win32.Build.0 = Unicode Release|Win32
		{14E1708C-7C58-4757-81F3-C6434F41B33B}.MBCS Debug|Win32.ActiveCfg = MBCS Debug|Win32
		{14E1708C-7C58-4757-81F3-C6434F41B33B}.MBCS Debug|Win32.Build.0 = MBCS Debug|Win32
		{14E1708C-7C58-4757-81F3-C6434F41B33B}.MBCS Release|Win32.ActiveCfg = MBCS Release|Win32
		{14E1708C-7C58-4757-81F3-C6434F41B33B}.MBCS Release|Win32.Build.0 = MBCS Release|Win32
		{14E1708C-7C58-4757-81F3-C6434F41B33B}.Unicode Debug|Win32.ActiveCfg = Unicode Debug|Win32
		{14E1708C-7C58-4757-81F3-C6434F41B33B}.Unicode Debug|Win32.Build.0 = Unicode Debug|Win32
		{14E1708C-7C58-4757-81F3-C6434F41B33B}.Unicode Release|Win32.ActiveCfg = Unicode Release|Win32
		{14E1708C-7C58-4757-81F3-C6434F41B33B}.Unicode Release|Win32.Build.0 = Unicode Release|Win32
		{3B567EEC-3F1F-4C75-91CD-5B3B7E096F3B}.MBCS Debug|Win32.ActiveCfg = MBCS Debug|Win32
		{3B567EEC-3F1F-4C75-91CD-5B3B7E096F3B}.MBCS Debug|Win32.Build.0 = MBCS Debug|Win32
		{3B567EEC-3F1F-4C75-91CD-5B3B7E096F3B}.MBCS Release|Win32.ActiveCfg = MBCS Release|Win32
		{3B567EEC-3F1F-4C75-91CD-5B3B7E096F3B}.MBCS Release|Win32.Build.0 = MBCS Release|Win32
		{3B567EEC-3F1F-4C75-91CD-5B3B7E096F3B}.Unicode Debug|Win32.ActiveCfg = Unicode Debug|Win32
		{3B567EEC-3F1F-4C75-91CD-5B3B7E096F3B}.Unicode Debug|Win32.Build.0 = Unicode Debug|Win32
		{3B567EEC-3F1F-4C75-91CD-5B3B7E096F3B}.Unicode Release|Win32.ActiveCfg = Unicode Release|Win32
		{3B567EEC-3F1F-4C75-91CD-5B3B7E096F3B}.Unicode Release|Win32.Build.0 = Unicode Release|Win32
		{DD232718-E7F7-4A87-BB60-327B10F9B61B}.MBCS Debug|Win32.ActiveCfg = MBCS Debug|Win32
		{DD232718-E7F7-4A87-BB60-327B10F9B61B}.MBCS Debug|Win32.Build.0 = MBCS Debug|Win32
		{DD232718-E7F7-4A87-BB60-327B10F9B61B}.MBCS Release|Win32.ActiveCfg = MBCS Release|Win32
		{DD232718-E7F7-4A87-BB60-327B10F9B61B}.MBCS Release|Win32.Build.0 = MBCS Release|Win32
		{DD232718-E7F7-4A87-BB60-327B10F9B61B}.Unicode Debug|Win32.ActiveCfg = Unicode Debug|Win32
		{DD232718-E7F7-4A87-BB60-327B10F9B61B}.Unicode Debug|Win32.Build.0 = Unicode Debug|Win32
		{DD232718-E7F7-4A87-BB60-327B10F9B61B}.Unicode Release|Win32.ActiveCfg = Unicode Release|Win32
		{DD232718-E7F7-4A87-BB60-327B10F9B61B}.Unicode Release|Win32.Build.0 = Unicode Release|Win32
	EndGlobalSection
	GlobalSection(SolutionProperties) = preSolution
		HideSolutionNode = FALSE
	EndGlobalSection
	GlobalSection(NestedProjects) = preSolution
		{6B7749EE-74DF-496C-9EBE-0E6C73CAA50B} = {D87EBDE3-7D36-4576-987B-54F983F5B16C}
		{55F49127-D37F-4C01-861A-55ACC3A71242} = {D87EBDE3-7D36-4576-987B-54F983F5B16C}
		{2EBC127D-357A-4258-B19F-78466C0C467B} = {D87EBDE3-7D36-4576-987B-54F983F5B16C}
		{EFD1CCD3-3C31-4BDE-976A-B45A08FBFF83} = {D87EBDE3-7D36-4576-987B-54F983F5B16C}
		{4B70F6A5-35AE-4CEE-815C-20E1F31B5F5E} = {E592A178-A8CA-4354-8C8B-DC5BCA4D4774}
		{DD232718-E7F7-4A87-BB60-327B10F9B61B} = {79DDB1A7-30DF-47CE-AB61-83CE94A82E4F}
		{EB1B996F-0A4C-46BE-A099-030AC5976E64} = {79DDB1A7-30DF-47CE-AB61-83CE94A82E4F}
		{CFEF302C-6A18-4730-A429-2461C1AC2E61} = {79DDB1A7-30DF-47CE-AB61-83CE94A82E4F}
		{1B250FF9-59DA-4F60-98DD-C3C0E9BE2F7C} = {79DDB1A7-30DF-47CE-AB61-83CE94A82E4F}
		{8646B05A-1711-4E89-BB3D-ADE551D9836C} = {79DDB1A7-30DF-47CE-AB61-83CE94A82E4F}
		{3551A0AD-0231-4229-BED1-829CC3B7712E} = {79DDB1A7-30DF-47CE-AB61-83CE94A82E4F}
		{14E1708C-7C58-4757-81F3-C6434F41B33B} = {79DDB1A7-30DF-47CE-AB61-83CE94A82E4F}
		{3B567EEC-3F1F-4C75-91CD-5B3B7E096F3B} = {79DDB1A7-30DF-47CE-AB61-83CE94A82E4F}
		{FC22C277-3720-4FB6-9466-CC5FF04BDBC5} = {8B6425E1-ED38-4CEB-93CE-A97FF57E6E71}
		{8722964D-A650-440C-8341-0BD8CFFA9A68} = {8B6425E1-ED38-4CEB-93CE-A97FF57E6E71}
	EndGlobalSection
EndGlobal
